
Microsoft Visual Studio Solution File, Format Version 12.00
# Visual Studio Version 16
VisualStudioVersion = 16.0.29609.76
MinimumVisualStudioVersion = 10.0.40219.1
Project("{FAE04EC0-301F-11D3-BF4B-00C04F79EFBC}") = "SubtitlesGleamingly", "SubtitlesGleamingly.csproj", "{0E29D977-4069-4E9E-A287-854A196BA3A9}"
EndProject
Global
	GlobalSection(SolutionConfigurationPlatforms) = preSolution
		Debug|Any CPU = Debug|Any CPU
		Release|Any CPU = Release|Any CPU
	EndGlobalSection
	GlobalSection(ProjectConfigurationPlatforms) = postSolution
		{0E29D977-4069-4E9E-A287-854A196BA3A9}.Debug|Any CPU.ActiveCfg = Debug|Any CPU
		{0E29D977-4069-4E9E-A287-854A196BA3A9}.Debug|Any CPU.Build.0 = Debug|Any CPU
		{0E29D977-4069-4E9E-A287-854A196BA3A9}.Release|Any CPU.ActiveCfg = Release|Any CPU
		{0E29D977-4069-4E9E-A287-854A196BA3A9}.Release|Any CPU.Build.0 = Release|Any CPU
	EndGlobalSection
	GlobalSection(SolutionProperties) = preSolution
		HideSolutionNode = FALSE
	EndGlobalSection
	GlobalSection(ExtensibilityGlobals) = postSolution
		SolutionGuid = {CEDB3B1D-CB05-41D2-B573-FD625491ECB0}
	EndGlobalSection
EndGlobal
